
Microsoft Visual Studio Solution File, Format Version 12.00
# Visual Studio Version 16
VisualStudioVersion = 16.0.36631.11
MinimumVisualStudioVersion = 10.0.40219.1
Project("{9A19103F-16F7-4668-BE54-9A1E7A4F7556}") = "1.Introduction", "1.Introduction\1.Introduction.csproj", "{9DD1348B-BCFE-405D-9EA4-3F2028197498}"
EndProject
Project("{9A19103F-16F7-4668-BE54-9A1E7A4F7556}") = "2_Single_Thread_Example", "2_Single_Thread_Example\2_Single_Thread_Example.csproj", "{09AF0A90-E779-4016-8291-DFDC7333557A}"
EndProject
Project("{9A19103F-16F7-4668-BE54-9A1E7A4F7556}") = "3_ST_Example", "3_ST_Example\3_ST_Example.csproj", "{BE9A4E75-1D91-4831-9787-2B86E5164AA7}"
EndProject
Project("{9A19103F-16F7-4668-BE54-9A1E7A4F7556}") = "4_Thread_Constructor", "4_Thread_Constructor\4_Thread_Constructor.csproj", "{4CBE03FF-2DE5-4649-9BB3-7CE0403E8C74}"
EndProject
Project("{9A19103F-16F7-4668-BE54-9A1E7A4F7556}") = "5_Return_Value", "5_Return_Value\5_Return_Value.csproj", "{DD6CAD13-923C-43B3-A241-6D50F0DD1AF7}"
EndProject
Project("{2150E333-8FDC-42A3-9474-1A3956D46DE8}") = "1.BASIC", "1.BASIC", "{384ED258-6900-40AD-877A-AB9E050417E1}"
EndProject
Project("{2150E333-8FDC-42A3-9474-1A3956D46DE8}") = "2.JOIN_ALIVE", "2.JOIN_ALIVE", "{85F29922-E5D4-45C5-A1B6-EA2D88D873D6}"
EndProject
Project("{9A19103F-16F7-4668-BE54-9A1E7A4F7556}") = "ThreadJoin", "ThreadJoin\ThreadJoin.csproj", "{98D29CCF-1A4D-4CE0-A2E5-89D150133B0A}"
EndProject
Project("{9A19103F-16F7-4668-BE54-9A1E7A4F7556}") = "ThreadWithoutJoin", "ThreadWithoutJoin\ThreadWithoutJoin.csproj", "{AF75DBFA-69F1-4E5D-A746-E4A648AD662B}"
EndProject
Project("{9A19103F-16F7-4668-BE54-9A1E7A4F7556}") = "ThreadAlive", "ThreadAlive\ThreadAlive.csproj", "{42C93B9D-A847-48CF-A078-837E4967ACA4}"
EndProject
Project("{2150E333-8FDC-42A3-9474-1A3956D46DE8}") = "3.Thread Syncronize", "3.Thread Syncronize", "{F40057DE-F8A3-44BB-9674-160551696474}"
EndProject
Project("{9A19103F-16F7-4668-BE54-9A1E7A4F7556}") = "ThreadSyncExample", "ThreadSyncExample\ThreadSyncExample.csproj", "{6A571BDD-1A45-4B9B-8141-59DDBBE4355E}"
EndProject
Project("{9A19103F-16F7-4668-BE54-9A1E7A4F7556}") = "ThreadSyncExample_1", "ThreadSyncExample_1\ThreadSyncExample_1.csproj", "{271C477C-1416-440E-A73B-DC4D5C226898}"
EndProject
Project("{2150E333-8FDC-42A3-9474-1A3956D46DE8}") = "4.MONITOR VS LOCK", "4.MONITOR VS LOCK", "{B62D5E94-38D7-4314-A610-A80DAD05FE0F}"
EndProject
Project("{FAE04EC0-301F-11D3-BF4B-00C04F79EFBC}") = "1.MONITOR EXAMPLE", "1.MONITOR EXAMPLE\1.MONITOR EXAMPLE.csproj", "{6CFFF8C6-E80B-4F02-8FAA-ED718EF02CE2}"
EndProject
Project("{2150E333-8FDC-42A3-9474-1A3956D46DE8}") = "5.MUTEX EXAMPLE", "5.MUTEX EXAMPLE", "{CEC42F0D-6101-4426-A3FA-9AE1E8E2E691}"
EndProject
Project("{FAE04EC0-301F-11D3-BF4B-00C04F79EFBC}") = "5.MUTEX_EXAMPLES", "5.MUTEX_EXAMPLES\5.MUTEX_EXAMPLES.csproj", "{06405C1A-868E-4C58-B9D1-E7B419C6090F}"
EndProject
Project("{2150E333-8FDC-42A3-9474-1A3956D46DE8}") = "6.Semaphore Class", "6.Semaphore Class", "{FACACDF4-7A55-49C1-8C7A-87D1F3EBF45C}"
	ProjectSection(SolutionItems) = preProject
		LOCK_MONITOR_MUTEX_SEMAPHORE.cs = LOCK_MONITOR_MUTEX_SEMAPHORE.cs
	EndProjectSection
EndProject
Project("{FAE04EC0-301F-11D3-BF4B-00C04F79EFBC}") = "SemaphoreExample", "SemaphoreExample\SemaphoreExample.csproj", "{C8CBB822-6E26-4065-B43E-A0704C0F0123}"
EndProject
Project("{FAE04EC0-301F-11D3-BF4B-00C04F79EFBC}") = "SemaphoreSlim_Demo", "SemaphoreSlim_Demo\SemaphoreSlim_Demo.csproj", "{4360158F-D142-4339-A7B0-742C024AEEB7}"
EndProject
Project("{FAE04EC0-301F-11D3-BF4B-00C04F79EFBC}") = "SemaphoreSlim_Example", "SemaphoreSlim_Example\SemaphoreSlim_Example.csproj", "{6F3AAB7B-D06D-49BE-BA98-349C335949B9}"
EndProject
Global
	GlobalSection(SolutionConfigurationPlatforms) = preSolution
		Debug|Any CPU = Debug|Any CPU
		Release|Any CPU = Release|Any CPU
	EndGlobalSection
	GlobalSection(ProjectConfigurationPlatforms) = postSolution
		{9DD1348B-BCFE-405D-9EA4-3F2028197498}.Debug|Any CPU.ActiveCfg = Debug|Any CPU
		{9DD1348B-BCFE-405D-9EA4-3F2028197498}.Debug|Any CPU.Build.0 = Debug|Any CPU
		{9DD1348B-BCFE-405D-9EA4-3F2028197498}.Release|Any CPU.ActiveCfg = Release|Any CPU
		{9DD1348B-BCFE-405D-9EA4-3F2028197498}.Release|Any CPU.Build.0 = Release|Any CPU
		{09AF0A90-E779-4016-8291-DFDC7333557A}.Debug|Any CPU.ActiveCfg = Debug|Any CPU
		{09AF0A90-E779-4016-8291-DFDC7333557A}.Debug|Any CPU.Build.0 = Debug|Any CPU
		{09AF0A90-E779-4016-8291-DFDC7333557A}.Release|Any CPU.ActiveCfg = Release|Any CPU
		{09AF0A90-E779-4016-8291-DFDC7333557A}.Release|Any CPU.Build.0 = Release|Any CPU
		{BE9A4E75-1D91-4831-9787-2B86E5164AA7}.Debug|Any CPU.ActiveCfg = Debug|Any CPU
		{BE9A4E75-1D91-4831-9787-2B86E5164AA7}.Debug|Any CPU.Build.0 = Debug|Any CPU
		{BE9A4E75-1D91-4831-9787-2B86E5164AA7}.Release|Any CPU.ActiveCfg = Release|Any CPU
		{BE9A4E75-1D91-4831-9787-2B86E5164AA7}.Release|Any CPU.Build.0 = Release|Any CPU
		{4CBE03FF-2DE5-4649-9BB3-7CE0403E8C74}.Debug|Any CPU.ActiveCfg = Debug|Any CPU
		{4CBE03FF-2DE5-4649-9BB3-7CE0403E8C74}.Debug|Any CPU.Build.0 = Debug|Any CPU
		{4CBE03FF-2DE5-4649-9BB3-7CE0403E8C74}.Release|Any CPU.ActiveCfg = Release|Any CPU
		{4CBE03FF-2DE5-4649-9BB3-7CE0403E8C74}.Release|Any CPU.Build.0 = Release|Any CPU
		{DD6CAD13-923C-43B3-A241-6D50F0DD1AF7}.Debug|Any CPU.ActiveCfg = Debug|Any CPU
		{DD6CAD13-923C-43B3-A241-6D50F0DD1AF7}.Debug|Any CPU.Build.0 = Debug|Any CPU
		{DD6CAD13-923C-43B3-A241-6D50F0DD1AF7}.Release|Any CPU.ActiveCfg = Release|Any CPU
		{DD6CAD13-923C-43B3-A241-6D50F0DD1AF7}.Release|Any CPU.Build.0 = Release|Any CPU
		{98D29CCF-1A4D-4CE0-A2E5-89D150133B0A}.Debug|Any CPU.ActiveCfg = Debug|Any CPU
		{98D29CCF-1A4D-4CE0-A2E5-89D150133B0A}.Debug|Any CPU.Build.0 = Debug|Any CPU
		{98D29CCF-1A4D-4CE0-A2E5-89D150133B0A}.Release|Any CPU.ActiveCfg = Release|Any CPU
		{98D29CCF-1A4D-4CE0-A2E5-89D150133B0A}.Release|Any CPU.Build.0 = Release|Any CPU
		{AF75DBFA-69F1-4E5D-A746-E4A648AD662B}.Debug|Any CPU.ActiveCfg = Debug|Any CPU
		{AF75DBFA-69F1-4E5D-A746-E4A648AD662B}.Debug|Any CPU.Build.0 = Debug|Any CPU
		{AF75DBFA-69F1-4E5D-A746-E4A648AD662B}.Release|Any CPU.ActiveCfg = Release|Any CPU
		{AF75DBFA-69F1-4E5D-A746-E4A648AD662B}.Release|Any CPU.Build.0 = Release|Any CPU
		{42C93B9D-A847-48CF-A078-837E4967ACA4}.Debug|Any CPU.ActiveCfg = Debug|Any CPU
		{42C93B9D-A847-48CF-A078-837E4967ACA4}.Debug|Any CPU.Build.0 = Debug|Any CPU
		{42C93B9D-A847-48CF-A078-837E4967ACA4}.Release|Any CPU.ActiveCfg = Release|Any CPU
		{42C93B9D-A847-48CF-A078-837E4967ACA4}.Release|Any CPU.Build.0 = Release|Any CPU
		{6A571BDD-1A45-4B9B-8141-59DDBBE4355E}.Debug|Any CPU.ActiveCfg = Debug|Any CPU
		{6A571BDD-1A45-4B9B-8141-59DDBBE4355E}.Debug|Any CPU.Build.0 = Debug|Any CPU
		{6A571BDD-1A45-4B9B-8141-59DDBBE4355E}.Release|Any CPU.ActiveCfg = Release|Any CPU
		{6A571BDD-1A45-4B9B-8141-59DDBBE4355E}.Release|Any CPU.Build.0 = Release|Any CPU
		{271C477C-1416-440E-A73B-DC4D5C226898}.Debug|Any CPU.ActiveCfg = Debug|Any CPU
		{271C477C-1416-440E-A73B-DC4D5C226898}.Debug|Any CPU.Build.0 = Debug|Any CPU
		{271C477C-1416-440E-A73B-DC4D5C226898}.Release|Any CPU.ActiveCfg = Release|Any CPU
		{271C477C-1416-440E-A73B-DC4D5C226898}.Release|Any CPU.Build.0 = Release|Any CPU
		{6CFFF8C6-E80B-4F02-8FAA-ED718EF02CE2}.Debug|Any CPU.ActiveCfg = Debug|Any CPU
		{6CFFF8C6-E80B-4F02-8FAA-ED718EF02CE2}.Debug|Any CPU.Build.0 = Debug|Any CPU
		{6CFFF8C6-E80B-4F02-8FAA-ED718EF02CE2}.Release|Any CPU.ActiveCfg = Release|Any CPU
		{6CFFF8C6-E80B-4F02-8FAA-ED718EF02CE2}.Release|Any CPU.Build.0 = Release|Any CPU
		{06405C1A-868E-4C58-B9D1-E7B419C6090F}.Debug|Any CPU.ActiveCfg = Debug|Any CPU
		{06405C1A-868E-4C58-B9D1-E7B419C6090F}.Debug|Any CPU.Build.0 = Debug|Any CPU
		{06405C1A-868E-4C58-B9D1-E7B419C6090F}.Release|Any CPU.ActiveCfg = Release|Any CPU
		{06405C1A-868E-4C58-B9D1-E7B419C6090F}.Release|Any CPU.Build.0 = Release|Any CPU
		{C8CBB822-6E26-4065-B43E-A0704C0F0123}.Debug|Any CPU.ActiveCfg = Debug|Any CPU
		{C8CBB822-6E26-4065-B43E-A0704C0F0123}.Debug|Any CPU.Build.0 = Debug|Any CPU
		{C8CBB822-6E26-4065-B43E-A0704C0F0123}.Release|Any CPU.ActiveCfg = Release|Any CPU
		{C8CBB822-6E26-4065-B43E-A0704C0F0123}.Release|Any CPU.Build.0 = Release|Any CPU
		{4360158F-D142-4339-A7B0-742C024AEEB7}.Debug|Any CPU.ActiveCfg = Debug|Any CPU
		{4360158F-D142-4339-A7B0-742C024AEEB7}.Debug|Any CPU.Build.0 = Debug|Any CPU
		{4360158F-D142-4339-A7B0-742C024AEEB7}.Release|Any CPU.ActiveCfg = Release|Any CPU
		{4360158F-D142-4339-A7B0-742C024AEEB7}.Release|Any CPU.Build.0 = Release|Any CPU
		{6F3AAB7B-D06D-49BE-BA98-349C335949B9}.Debug|Any CPU.ActiveCfg = Debug|Any CPU
		{6F3AAB7B-D06D-49BE-BA98-349C335949B9}.Debug|Any CPU.Build.0 = Debug|Any CPU
		{6F3AAB7B-D06D-49BE-BA98-349C335949B9}.Release|Any CPU.ActiveCfg = Release|Any CPU
		{6F3AAB7B-D06D-49BE-BA98-349C335949B9}.Release|Any CPU.Build.0 = Release|Any CPU
	EndGlobalSection
	GlobalSection(SolutionProperties) = preSolution
		HideSolutionNode = FALSE
	EndGlobalSection
	GlobalSection(NestedProjects) = preSolution
		{9DD1348B-BCFE-405D-9EA4-3F2028197498} = {384ED258-6900-40AD-877A-AB9E050417E1}
		{09AF0A90-E779-4016-8291-DFDC7333557A} = {384ED258-6900-40AD-877A-AB9E050417E1}
		{BE9A4E75-1D91-4831-9787-2B86E5164AA7} = {384ED258-6900-40AD-877A-AB9E050417E1}
		{4CBE03FF-2DE5-4649-9BB3-7CE0403E8C74} = {384ED258-6900-40AD-877A-AB9E050417E1}
		{DD6CAD13-923C-43B3-A241-6D50F0DD1AF7} = {384ED258-6900-40AD-877A-AB9E050417E1}
		{98D29CCF-1A4D-4CE0-A2E5-89D150133B0A} = {85F29922-E5D4-45C5-A1B6-EA2D88D873D6}
		{AF75DBFA-69F1-4E5D-A746-E4A648AD662B} = {85F29922-E5D4-45C5-A1B6-EA2D88D873D6}
		{42C93B9D-A847-48CF-A078-837E4967ACA4} = {85F29922-E5D4-45C5-A1B6-EA2D88D873D6}
		{6A571BDD-1A45-4B9B-8141-59DDBBE4355E} = {F40057DE-F8A3-44BB-9674-160551696474}
		{271C477C-1416-440E-A73B-DC4D5C226898} = {F40057DE-F8A3-44BB-9674-160551696474}
		{6CFFF8C6-E80B-4F02-8FAA-ED718EF02CE2} = {B62D5E94-38D7-4314-A610-A80DAD05FE0F}
		{06405C1A-868E-4C58-B9D1-E7B419C6090F} = {CEC42F0D-6101-4426-A3FA-9AE1E8E2E691}
		{C8CBB822-6E26-4065-B43E-A0704C0F0123} = {FACACDF4-7A55-49C1-8C7A-87D1F3EBF45C}
		{4360158F-D142-4339-A7B0-742C024AEEB7} = {FACACDF4-7A55-49C1-8C7A-87D1F3EBF45C}
		{6F3AAB7B-D06D-49BE-BA98-349C335949B9} = {FACACDF4-7A55-49C1-8C7A-87D1F3EBF45C}
	EndGlobalSection
	GlobalSection(ExtensibilityGlobals) = postSolution
		SolutionGuid = {786562E1-3B51-4B96-9C8A-B2D082F05440}
	EndGlobalSection
EndGlobal
