
Microsoft Visual Studio Solution File, Format Version 12.00
# Visual Studio Version 16
VisualStudioVersion = 16.0.35931.194
MinimumVisualStudioVersion = 10.0.40219.1
Project("{FAE04EC0-301F-11D3-BF4B-00C04F79EFBC}") = "1.ConcurrentQueue", "1.ConcurrentQueue\1.ConcurrentQueue.csproj", "{2D64D496-2328-4BD4-843C-CEB5FC2F9140}"
EndProject
Project("{FAE04EC0-301F-11D3-BF4B-00C04F79EFBC}") = "2.ConcurrentDictionary", "2.ConcurrentDictionary\2.ConcurrentDictionary.csproj", "{5978D6F6-F3CD-4A03-B182-925B8EC5DEBF}"
EndProject
Project("{FAE04EC0-301F-11D3-BF4B-00C04F79EFBC}") = "3.ConcurrentStack", "3.ConcurrentStack\3.ConcurrentStack.csproj", "{8C035614-EAF0-40D1-A9A2-B8C3539FA0D6}"
EndProject
Global
	GlobalSection(SolutionConfigurationPlatforms) = preSolution
		Debug|Any CPU = Debug|Any CPU
		Release|Any CPU = Release|Any CPU
	EndGlobalSection
	GlobalSection(ProjectConfigurationPlatforms) = postSolution
		{2D64D496-2328-4BD4-843C-CEB5FC2F9140}.Debug|Any CPU.ActiveCfg = Debug|Any CPU
		{2D64D496-2328-4BD4-843C-CEB5FC2F9140}.Debug|Any CPU.Build.0 = Debug|Any CPU
		{2D64D496-2328-4BD4-843C-CEB5FC2F9140}.Release|Any CPU.ActiveCfg = Release|Any CPU
		{2D64D496-2328-4BD4-843C-CEB5FC2F9140}.Release|Any CPU.Build.0 = Release|Any CPU
		{5978D6F6-F3CD-4A03-B182-925B8EC5DEBF}.Debug|Any CPU.ActiveCfg = Debug|Any CPU
		{5978D6F6-F3CD-4A03-B182-925B8EC5DEBF}.Debug|Any CPU.Build.0 = Debug|Any CPU
		{5978D6F6-F3CD-4A03-B182-925B8EC5DEBF}.Release|Any CPU.ActiveCfg = Release|Any CPU
		{5978D6F6-F3CD-4A03-B182-925B8EC5DEBF}.Release|Any CPU.Build.0 = Release|Any CPU
		{8C035614-EAF0-40D1-A9A2-B8C3539FA0D6}.Debug|Any CPU.ActiveCfg = Debug|Any CPU
		{8C035614-EAF0-40D1-A9A2-B8C3539FA0D6}.Debug|Any CPU.Build.0 = Debug|Any CPU
		{8C035614-EAF0-40D1-A9A2-B8C3539FA0D6}.Release|Any CPU.ActiveCfg = Release|Any CPU
		{8C035614-EAF0-40D1-A9A2-B8C3539FA0D6}.Release|Any CPU.Build.0 = Release|Any CPU
	EndGlobalSection
	GlobalSection(SolutionProperties) = preSolution
		HideSolutionNode = FALSE
	EndGlobalSection
	GlobalSection(ExtensibilityGlobals) = postSolution
		SolutionGuid = {FB26A5DA-91F9-489B-9DBB-9BF8EB27A84D}
	EndGlobalSection
EndGlobal
