
Microsoft Visual Studio Solution File, Format Version 12.00
# Visual Studio Version 16
VisualStudioVersion = 16.0.36631.11
MinimumVisualStudioVersion = 10.0.40219.1
Project("{2150E333-8FDC-42A3-9474-1A3956D46DE8}") = "Notes", "Notes", "{2B982204-61B4-4C04-82A2-AB2D1F7615F5}"
	ProjectSection(SolutionItems) = preProject
		CoreCocenpts.txt = CoreCocenpts.txt
	EndProjectSection
EndProject
Project("{2150E333-8FDC-42A3-9474-1A3956D46DE8}") = "1_EXAMPLE", "1_EXAMPLE", "{27528CB4-EFDC-496A-8374-3CACE1BDF2AC}"
EndProject
Project("{FAE04EC0-301F-11D3-BF4B-00C04F79EFBC}") = "Example_1", "Example_1\Example_1.csproj", "{0FC6166B-EA60-4039-AB18-121344AB9D14}"
EndProject
Project("{FAE04EC0-301F-11D3-BF4B-00C04F79EFBC}") = "Example_2", "Example_2\Example_2.csproj", "{9665DA5A-3B99-4C09-A851-58123A0A29EE}"
EndProject
Project("{FAE04EC0-301F-11D3-BF4B-00C04F79EFBC}") = "Example_3", "Example_3\Example_3.csproj", "{11AE8157-9A19-4099-A2ED-97B974E07631}"
EndProject
Global
	GlobalSection(SolutionConfigurationPlatforms) = preSolution
		Debug|Any CPU = Debug|Any CPU
		Release|Any CPU = Release|Any CPU
	EndGlobalSection
	GlobalSection(ProjectConfigurationPlatforms) = postSolution
		{0FC6166B-EA60-4039-AB18-121344AB9D14}.Debug|Any CPU.ActiveCfg = Debug|Any CPU
		{0FC6166B-EA60-4039-AB18-121344AB9D14}.Debug|Any CPU.Build.0 = Debug|Any CPU
		{0FC6166B-EA60-4039-AB18-121344AB9D14}.Release|Any CPU.ActiveCfg = Release|Any CPU
		{0FC6166B-EA60-4039-AB18-121344AB9D14}.Release|Any CPU.Build.0 = Release|Any CPU
		{9665DA5A-3B99-4C09-A851-58123A0A29EE}.Debug|Any CPU.ActiveCfg = Debug|Any CPU
		{9665DA5A-3B99-4C09-A851-58123A0A29EE}.Debug|Any CPU.Build.0 = Debug|Any CPU
		{9665DA5A-3B99-4C09-A851-58123A0A29EE}.Release|Any CPU.ActiveCfg = Release|Any CPU
		{9665DA5A-3B99-4C09-A851-58123A0A29EE}.Release|Any CPU.Build.0 = Release|Any CPU
		{11AE8157-9A19-4099-A2ED-97B974E07631}.Debug|Any CPU.ActiveCfg = Debug|Any CPU
		{11AE8157-9A19-4099-A2ED-97B974E07631}.Debug|Any CPU.Build.0 = Debug|Any CPU
		{11AE8157-9A19-4099-A2ED-97B974E07631}.Release|Any CPU.ActiveCfg = Release|Any CPU
		{11AE8157-9A19-4099-A2ED-97B974E07631}.Release|Any CPU.Build.0 = Release|Any CPU
	EndGlobalSection
	GlobalSection(SolutionProperties) = preSolution
		HideSolutionNode = FALSE
	EndGlobalSection
	GlobalSection(NestedProjects) = preSolution
		{0FC6166B-EA60-4039-AB18-121344AB9D14} = {27528CB4-EFDC-496A-8374-3CACE1BDF2AC}
		{9665DA5A-3B99-4C09-A851-58123A0A29EE} = {27528CB4-EFDC-496A-8374-3CACE1BDF2AC}
		{11AE8157-9A19-4099-A2ED-97B974E07631} = {27528CB4-EFDC-496A-8374-3CACE1BDF2AC}
	EndGlobalSection
	GlobalSection(ExtensibilityGlobals) = postSolution
		SolutionGuid = {4AD6C8E0-6944-4BD2-80A6-23D71F0692F3}
	EndGlobalSection
EndGlobal
