
Microsoft Visual Studio Solution File, Format Version 12.00
# Visual Studio Version 16
VisualStudioVersion = 16.0.35931.194
MinimumVisualStudioVersion = 10.0.40219.1
Project("{2150E333-8FDC-42A3-9474-1A3956D46DE8}") = "1.ENCAPSULATION", "1.ENCAPSULATION", "{1ACAB50F-B849-44AC-8B03-44E2A85D02A3}"
EndProject
Project("{FAE04EC0-301F-11D3-BF4B-00C04F79EFBC}") = "1_BANKING APPLICATION", "1_BANKING APPLICATION\1_BANKING APPLICATION.csproj", "{1B614083-6F3E-4B04-8D76-48C067F80681}"
EndProject
Project("{FAE04EC0-301F-11D3-BF4B-00C04F79EFBC}") = "2_COFFIE_MACHINE", "2_COFFIE_MACHINE\2_COFFIE_MACHINE.csproj", "{0BE30003-17D8-4205-ADB9-09F5B8B945EB}"
EndProject
Project("{FAE04EC0-301F-11D3-BF4B-00C04F79EFBC}") = "3_SPEEDOMETER", "SPEEDOMETER\3_SPEEDOMETER.csproj", "{D8C0464B-5CB1-4E7D-8C1C-9CDB9AC5A382}"
EndProject
Project("{FAE04EC0-301F-11D3-BF4B-00C04F79EFBC}") = "4_DIGITAL_WALLET", "4_DIGITAL_WALLET\4_DIGITAL_WALLET.csproj", "{04A25F6C-D46C-4A83-8498-965541276660}"
EndProject
Project("{FAE04EC0-301F-11D3-BF4B-00C04F79EFBC}") = "5_PERMISSION", "5_PERMISSION\5_PERMISSION.csproj", "{7797963A-13D6-4E62-8136-0B49F58029CF}"
EndProject
Global
	GlobalSection(SolutionConfigurationPlatforms) = preSolution
		Debug|Any CPU = Debug|Any CPU
		Release|Any CPU = Release|Any CPU
	EndGlobalSection
	GlobalSection(ProjectConfigurationPlatforms) = postSolution
		{1B614083-6F3E-4B04-8D76-48C067F80681}.Debug|Any CPU.ActiveCfg = Debug|Any CPU
		{1B614083-6F3E-4B04-8D76-48C067F80681}.Debug|Any CPU.Build.0 = Debug|Any CPU
		{1B614083-6F3E-4B04-8D76-48C067F80681}.Release|Any CPU.ActiveCfg = Release|Any CPU
		{1B614083-6F3E-4B04-8D76-48C067F80681}.Release|Any CPU.Build.0 = Release|Any CPU
		{0BE30003-17D8-4205-ADB9-09F5B8B945EB}.Debug|Any CPU.ActiveCfg = Debug|Any CPU
		{0BE30003-17D8-4205-ADB9-09F5B8B945EB}.Debug|Any CPU.Build.0 = Debug|Any CPU
		{0BE30003-17D8-4205-ADB9-09F5B8B945EB}.Release|Any CPU.ActiveCfg = Release|Any CPU
		{0BE30003-17D8-4205-ADB9-09F5B8B945EB}.Release|Any CPU.Build.0 = Release|Any CPU
		{D8C0464B-5CB1-4E7D-8C1C-9CDB9AC5A382}.Debug|Any CPU.ActiveCfg = Debug|Any CPU
		{D8C0464B-5CB1-4E7D-8C1C-9CDB9AC5A382}.Debug|Any CPU.Build.0 = Debug|Any CPU
		{D8C0464B-5CB1-4E7D-8C1C-9CDB9AC5A382}.Release|Any CPU.ActiveCfg = Release|Any CPU
		{D8C0464B-5CB1-4E7D-8C1C-9CDB9AC5A382}.Release|Any CPU.Build.0 = Release|Any CPU
		{04A25F6C-D46C-4A83-8498-965541276660}.Debug|Any CPU.ActiveCfg = Debug|Any CPU
		{04A25F6C-D46C-4A83-8498-965541276660}.Debug|Any CPU.Build.0 = Debug|Any CPU
		{04A25F6C-D46C-4A83-8498-965541276660}.Release|Any CPU.ActiveCfg = Release|Any CPU
		{04A25F6C-D46C-4A83-8498-965541276660}.Release|Any CPU.Build.0 = Release|Any CPU
		{7797963A-13D6-4E62-8136-0B49F58029CF}.Debug|Any CPU.ActiveCfg = Debug|Any CPU
		{7797963A-13D6-4E62-8136-0B49F58029CF}.Debug|Any CPU.Build.0 = Debug|Any CPU
		{7797963A-13D6-4E62-8136-0B49F58029CF}.Release|Any CPU.ActiveCfg = Release|Any CPU
		{7797963A-13D6-4E62-8136-0B49F58029CF}.Release|Any CPU.Build.0 = Release|Any CPU
	EndGlobalSection
	GlobalSection(SolutionProperties) = preSolution
		HideSolutionNode = FALSE
	EndGlobalSection
	GlobalSection(NestedProjects) = preSolution
		{1B614083-6F3E-4B04-8D76-48C067F80681} = {1ACAB50F-B849-44AC-8B03-44E2A85D02A3}
		{0BE30003-17D8-4205-ADB9-09F5B8B945EB} = {1ACAB50F-B849-44AC-8B03-44E2A85D02A3}
		{D8C0464B-5CB1-4E7D-8C1C-9CDB9AC5A382} = {1ACAB50F-B849-44AC-8B03-44E2A85D02A3}
		{04A25F6C-D46C-4A83-8498-965541276660} = {1ACAB50F-B849-44AC-8B03-44E2A85D02A3}
		{7797963A-13D6-4E62-8136-0B49F58029CF} = {1ACAB50F-B849-44AC-8B03-44E2A85D02A3}
	EndGlobalSection
	GlobalSection(ExtensibilityGlobals) = postSolution
		SolutionGuid = {828B5B8F-C76F-4BAC-B176-B701B7DBD160}
	EndGlobalSection
EndGlobal
