
Microsoft Visual Studio Solution File, Format Version 12.00
# Visual Studio Version 16
VisualStudioVersion = 16.0.35931.194
MinimumVisualStudioVersion = 10.0.40219.1
Project("{FAE04EC0-301F-11D3-BF4B-00C04F79EFBC}") = "FileInfoClass", "FileInfoClass\FileInfoClass.csproj", "{FDCD91A7-68AC-4E5C-9B5A-2751DCF1FEE1}"
EndProject
Project("{FAE04EC0-301F-11D3-BF4B-00C04F79EFBC}") = "DirectoryInfoExample", "DirectoryInfo\DirectoryInfoExample.csproj", "{554B2A62-8553-4A13-9E59-C0641333AEBB}"
EndProject
Global
	GlobalSection(SolutionConfigurationPlatforms) = preSolution
		Debug|Any CPU = Debug|Any CPU
		Release|Any CPU = Release|Any CPU
	EndGlobalSection
	GlobalSection(ProjectConfigurationPlatforms) = postSolution
		{FDCD91A7-68AC-4E5C-9B5A-2751DCF1FEE1}.Debug|Any CPU.ActiveCfg = Debug|Any CPU
		{FDCD91A7-68AC-4E5C-9B5A-2751DCF1FEE1}.Debug|Any CPU.Build.0 = Debug|Any CPU
		{FDCD91A7-68AC-4E5C-9B5A-2751DCF1FEE1}.Release|Any CPU.ActiveCfg = Release|Any CPU
		{FDCD91A7-68AC-4E5C-9B5A-2751DCF1FEE1}.Release|Any CPU.Build.0 = Release|Any CPU
		{554B2A62-8553-4A13-9E59-C0641333AEBB}.Debug|Any CPU.ActiveCfg = Debug|Any CPU
		{554B2A62-8553-4A13-9E59-C0641333AEBB}.Debug|Any CPU.Build.0 = Debug|Any CPU
		{554B2A62-8553-4A13-9E59-C0641333AEBB}.Release|Any CPU.ActiveCfg = Release|Any CPU
		{554B2A62-8553-4A13-9E59-C0641333AEBB}.Release|Any CPU.Build.0 = Release|Any CPU
	EndGlobalSection
	GlobalSection(SolutionProperties) = preSolution
		HideSolutionNode = FALSE
	EndGlobalSection
	GlobalSection(ExtensibilityGlobals) = postSolution
		SolutionGuid = {CBD8BC27-0A0A-449A-9409-E7A1DBDB2DEC}
	EndGlobalSection
EndGlobal
