
Microsoft Visual Studio Solution File, Format Version 12.00
# Visual Studio Version 16
VisualStudioVersion = 16.0.36631.11
MinimumVisualStudioVersion = 10.0.40219.1
Project("{2150E333-8FDC-42A3-9474-1A3956D46DE8}") = "1_CONSOLE CLASS", "1_CONSOLE CLASS", "{E7C60220-6804-47FF-B525-BB2AFD26A1AC}"
EndProject
Project("{FAE04EC0-301F-11D3-BF4B-00C04F79EFBC}") = "1_CONSOLE_EXAMPLE", "1_CONSOLE_EXAMPLE\1_CONSOLE_EXAMPLE.csproj", "{5BED90ED-9820-4B09-B7E1-DD4C95860F5F}"
EndProject
Project("{2150E333-8FDC-42A3-9474-1A3956D46DE8}") = "2_DATA_TYPES", "2_DATA_TYPES", "{BA425D6A-CA15-49FE-BE8D-C4C91D9ECA2B}"
EndProject
Project("{FAE04EC0-301F-11D3-BF4B-00C04F79EFBC}") = "1_BYTES", "2_DATA_TYPES\1_BYTES.csproj", "{7B82EFA6-6A0F-48AC-BB43-0B241BDD2D07}"
EndProject
Project("{FAE04EC0-301F-11D3-BF4B-00C04F79EFBC}") = "2_CHAR", "2_CHAR\2_CHAR.csproj", "{19581663-BDD9-4DA4-A05F-D2FA7BEECE84}"
EndProject
Project("{FAE04EC0-301F-11D3-BF4B-00C04F79EFBC}") = "3_STRING", "3_INT\3_STRING.csproj", "{322C2095-BFAF-4F1B-A011-0898D06957AA}"
EndProject
Project("{FAE04EC0-301F-11D3-BF4B-00C04F79EFBC}") = "4_NUMERIC_WITHOUT_DECIMAL", "4_NUMERIC_WITHOUT_DECIMAL\4_NUMERIC_WITHOUT_DECIMAL.csproj", "{CC9D29E5-0647-4A78-8671-6175BCFDA010}"
EndProject
Project("{FAE04EC0-301F-11D3-BF4B-00C04F79EFBC}") = "5_NUMERIC_WITH_DECIMAL", "5_NUMERIC_WITH_DECIMAL\5_NUMERIC_WITH_DECIMAL.csproj", "{42A710A4-05CD-4B22-A342-D9A5600CE834}"
EndProject
Project("{FAE04EC0-301F-11D3-BF4B-00C04F79EFBC}") = "6_SUMMARY_DATA_TYPES", "6_SUMMARY_DATA_TYPES\6_SUMMARY_DATA_TYPES.csproj", "{BFF47928-4E9B-4A4C-98EF-48209575F63A}"
EndProject
Project("{2150E333-8FDC-42A3-9474-1A3956D46DE8}") = "3_LITERALS", "3_LITERALS", "{E05E0DD8-0DA1-4C39-BAB5-A5A3CE1ACB5A}"
EndProject
Project("{FAE04EC0-301F-11D3-BF4B-00C04F79EFBC}") = "3_LITERALS", "3_LITERALS\3_LITERALS.csproj", "{98E6DEF5-098D-4690-B4AF-3696CDB519E9}"
EndProject
Global
	GlobalSection(SolutionConfigurationPlatforms) = preSolution
		Debug|Any CPU = Debug|Any CPU
		Release|Any CPU = Release|Any CPU
	EndGlobalSection
	GlobalSection(ProjectConfigurationPlatforms) = postSolution
		{5BED90ED-9820-4B09-B7E1-DD4C95860F5F}.Debug|Any CPU.ActiveCfg = Debug|Any CPU
		{5BED90ED-9820-4B09-B7E1-DD4C95860F5F}.Debug|Any CPU.Build.0 = Debug|Any CPU
		{5BED90ED-9820-4B09-B7E1-DD4C95860F5F}.Release|Any CPU.ActiveCfg = Release|Any CPU
		{5BED90ED-9820-4B09-B7E1-DD4C95860F5F}.Release|Any CPU.Build.0 = Release|Any CPU
		{7B82EFA6-6A0F-48AC-BB43-0B241BDD2D07}.Debug|Any CPU.ActiveCfg = Debug|Any CPU
		{7B82EFA6-6A0F-48AC-BB43-0B241BDD2D07}.Debug|Any CPU.Build.0 = Debug|Any CPU
		{7B82EFA6-6A0F-48AC-BB43-0B241BDD2D07}.Release|Any CPU.ActiveCfg = Release|Any CPU
		{7B82EFA6-6A0F-48AC-BB43-0B241BDD2D07}.Release|Any CPU.Build.0 = Release|Any CPU
		{19581663-BDD9-4DA4-A05F-D2FA7BEECE84}.Debug|Any CPU.ActiveCfg = Debug|Any CPU
		{19581663-BDD9-4DA4-A05F-D2FA7BEECE84}.Debug|Any CPU.Build.0 = Debug|Any CPU
		{19581663-BDD9-4DA4-A05F-D2FA7BEECE84}.Release|Any CPU.ActiveCfg = Release|Any CPU
		{19581663-BDD9-4DA4-A05F-D2FA7BEECE84}.Release|Any CPU.Build.0 = Release|Any CPU
		{322C2095-BFAF-4F1B-A011-0898D06957AA}.Debug|Any CPU.ActiveCfg = Debug|Any CPU
		{322C2095-BFAF-4F1B-A011-0898D06957AA}.Debug|Any CPU.Build.0 = Debug|Any CPU
		{322C2095-BFAF-4F1B-A011-0898D06957AA}.Release|Any CPU.ActiveCfg = Release|Any CPU
		{322C2095-BFAF-4F1B-A011-0898D06957AA}.Release|Any CPU.Build.0 = Release|Any CPU
		{CC9D29E5-0647-4A78-8671-6175BCFDA010}.Debug|Any CPU.ActiveCfg = Debug|Any CPU
		{CC9D29E5-0647-4A78-8671-6175BCFDA010}.Debug|Any CPU.Build.0 = Debug|Any CPU
		{CC9D29E5-0647-4A78-8671-6175BCFDA010}.Release|Any CPU.ActiveCfg = Release|Any CPU
		{CC9D29E5-0647-4A78-8671-6175BCFDA010}.Release|Any CPU.Build.0 = Release|Any CPU
		{42A710A4-05CD-4B22-A342-D9A5600CE834}.Debug|Any CPU.ActiveCfg = Debug|Any CPU
		{42A710A4-05CD-4B22-A342-D9A5600CE834}.Debug|Any CPU.Build.0 = Debug|Any CPU
		{42A710A4-05CD-4B22-A342-D9A5600CE834}.Release|Any CPU.ActiveCfg = Release|Any CPU
		{42A710A4-05CD-4B22-A342-D9A5600CE834}.Release|Any CPU.Build.0 = Release|Any CPU
		{BFF47928-4E9B-4A4C-98EF-48209575F63A}.Debug|Any CPU.ActiveCfg = Debug|Any CPU
		{BFF47928-4E9B-4A4C-98EF-48209575F63A}.Debug|Any CPU.Build.0 = Debug|Any CPU
		{BFF47928-4E9B-4A4C-98EF-48209575F63A}.Release|Any CPU.ActiveCfg = Release|Any CPU
		{BFF47928-4E9B-4A4C-98EF-48209575F63A}.Release|Any CPU.Build.0 = Release|Any CPU
		{98E6DEF5-098D-4690-B4AF-3696CDB519E9}.Debug|Any CPU.ActiveCfg = Debug|Any CPU
		{98E6DEF5-098D-4690-B4AF-3696CDB519E9}.Debug|Any CPU.Build.0 = Debug|Any CPU
		{98E6DEF5-098D-4690-B4AF-3696CDB519E9}.Release|Any CPU.ActiveCfg = Release|Any CPU
		{98E6DEF5-098D-4690-B4AF-3696CDB519E9}.Release|Any CPU.Build.0 = Release|Any CPU
	EndGlobalSection
	GlobalSection(SolutionProperties) = preSolution
		HideSolutionNode = FALSE
	EndGlobalSection
	GlobalSection(NestedProjects) = preSolution
		{5BED90ED-9820-4B09-B7E1-DD4C95860F5F} = {E7C60220-6804-47FF-B525-BB2AFD26A1AC}
		{7B82EFA6-6A0F-48AC-BB43-0B241BDD2D07} = {BA425D6A-CA15-49FE-BE8D-C4C91D9ECA2B}
		{19581663-BDD9-4DA4-A05F-D2FA7BEECE84} = {BA425D6A-CA15-49FE-BE8D-C4C91D9ECA2B}
		{322C2095-BFAF-4F1B-A011-0898D06957AA} = {BA425D6A-CA15-49FE-BE8D-C4C91D9ECA2B}
		{CC9D29E5-0647-4A78-8671-6175BCFDA010} = {BA425D6A-CA15-49FE-BE8D-C4C91D9ECA2B}
		{42A710A4-05CD-4B22-A342-D9A5600CE834} = {BA425D6A-CA15-49FE-BE8D-C4C91D9ECA2B}
		{BFF47928-4E9B-4A4C-98EF-48209575F63A} = {BA425D6A-CA15-49FE-BE8D-C4C91D9ECA2B}
		{98E6DEF5-098D-4690-B4AF-3696CDB519E9} = {E05E0DD8-0DA1-4C39-BAB5-A5A3CE1ACB5A}
	EndGlobalSection
	GlobalSection(ExtensibilityGlobals) = postSolution
		SolutionGuid = {276A03F2-67A7-466D-BC8E-BE4FDEF9D76B}
	EndGlobalSection
EndGlobal
